
Microsoft Visual Studio Solution File, Format Version 12.00
# Visual Studio Version 17
VisualStudioVersion = 17.3.32929.385
MinimumVisualStudioVersion = 10.0.40219.1
Project("{FAE04EC0-301F-11D3-BF4B-00C04F79EFBC}") = "PaymentFinalAPI", "PaymentFinalAPI\PaymentFinalAPI.csproj", "{D691A9C6-014C-40FF-85F8-5FDFE1407B42}"
EndProject
Global
	GlobalSection(SolutionConfigurationPlatforms) = preSolution
		Debug|Any CPU = Debug|Any CPU
		Release|Any CPU = Release|Any CPU
	EndGlobalSection
	GlobalSection(ProjectConfigurationPlatforms) = postSolution
		{D691A9C6-014C-40FF-85F8-5FDFE1407B42}.Debug|Any CPU.ActiveCfg = Debug|Any CPU
		{D691A9C6-014C-40FF-85F8-5FDFE1407B42}.Debug|Any CPU.Build.0 = Debug|Any CPU
		{D691A9C6-014C-40FF-85F8-5FDFE1407B42}.Release|Any CPU.ActiveCfg = Release|Any CPU
		{D691A9C6-014C-40FF-85F8-5FDFE1407B42}.Release|Any CPU.Build.0 = Release|Any CPU
	EndGlobalSection
	GlobalSection(SolutionProperties) = preSolution
		HideSolutionNode = FALSE
	EndGlobalSection
	GlobalSection(ExtensibilityGlobals) = postSolution
		SolutionGuid = {264B98CC-EC2A-4BE2-9922-691237077DC1}
	EndGlobalSection
EndGlobal
